
Microsoft Visual Studio Solution File, Format Version 12.00
# Visual Studio Version 16
VisualStudioVersion = 16.0.28803.202
MinimumVisualStudioVersion = 10.0.40219.1
Project("{FAE04EC0-301F-11D3-BF4B-00C04F79EFBC}") = "Web App", "Web App\Web App.csproj", "{2A1DA477-52EA-482E-8403-01D242B87483}"
EndProject
Global
	GlobalSection(SolutionConfigurationPlatforms) = preSolution
		Debug|Any CPU = Debug|Any CPU
		Release|Any CPU = Release|Any CPU
	EndGlobalSection
	GlobalSection(ProjectConfigurationPlatforms) = postSolution
		{2A1DA477-52EA-482E-8403-01D242B87483}.Debug|Any CPU.ActiveCfg = Debug|Any CPU
		{2A1DA477-52EA-482E-8403-01D242B87483}.Debug|Any CPU.Build.0 = Debug|Any CPU
		{2A1DA477-52EA-482E-8403-01D242B87483}.Release|Any CPU.ActiveCfg = Release|Any CPU
		{2A1DA477-52EA-482E-8403-01D242B87483}.Release|Any CPU.Build.0 = Release|Any CPU
	EndGlobalSection
	GlobalSection(SolutionProperties) = preSolution
		HideSolutionNode = FALSE
	EndGlobalSection
	GlobalSection(ExtensibilityGlobals) = postSolution
		SolutionGuid = {57AD6ECB-34FA-45AA-90AE-802FAE796B40}
	EndGlobalSection
EndGlobal
